Microsoft Visual Studio Solution File, Format Version 12.00
# Visual Studio 15
VisualStudioVersion = 15.0.26228.4
MinimumVisualStudioVersion = 10.0.40219.1
Project("{FAE04EC0-301F-11D3-BF4B-00C04F79EFBC}") = "Calculator", "src\Calculator\Calculator.csproj", "{B0745BCE-7B41-440C-B9C7-2906AC8EA3A1}"
EndProject
Project("{FAE04EC0-301F-11D3-BF4B-00C04F79EFBC}") = "Tests", "src\Tests\Tests.csproj", "{BC618E0F-D983-41A6-9446-D8553670673C}"
EndProject
Project("{FAE04EC0-301F-11D3-BF4B-00C04F79EFBC}") = "StandardDeviation", "src\StandardDeviation\StandardDeviation.csproj", "{482BCCD5-B8E6-4C47-AAB7-7CEAB87CC121}"
EndProject
Project("{54435603-DBB4-11D2-8724-00A0C9A8B90C}") = "setup", "src\Setup\Setup.vdproj", "{B729B3DA-C267-4536-8E25-7DC3C569FFD9}"
EndProject
Global
	GlobalSection(SolutionConfigurationPlatforms) = preSolution
		Debug|Any CPU = Debug|Any CPU
		Release|Any CPU = Release|Any CPU
	EndGlobalSection
	GlobalSection(ProjectConfigurationPlatforms) = postSolution
		{B0745BCE-7B41-440C-B9C7-2906AC8EA3A1}.Debug|Any CPU.ActiveCfg = Debug|Any CPU
		{B0745BCE-7B41-440C-B9C7-2906AC8EA3A1}.Debug|Any CPU.Build.0 = Debug|Any CPU
		{B0745BCE-7B41-440C-B9C7-2906AC8EA3A1}.Release|Any CPU.ActiveCfg = Release|Any CPU
		{B0745BCE-7B41-440C-B9C7-2906AC8EA3A1}.Release|Any CPU.Build.0 = Release|Any CPU
		{BC618E0F-D983-41A6-9446-D8553670673C}.Debug|Any CPU.ActiveCfg = Debug|Any CPU
		{BC618E0F-D983-41A6-9446-D8553670673C}.Debug|Any CPU.Build.0 = Debug|Any CPU
		{BC618E0F-D983-41A6-9446-D8553670673C}.Release|Any CPU.ActiveCfg = Release|Any CPU
		{BC618E0F-D983-41A6-9446-D8553670673C}.Release|Any CPU.Build.0 = Release|Any CPU
		{482BCCD5-B8E6-4C47-AAB7-7CEAB87CC121}.Debug|Any CPU.ActiveCfg = Debug|Any CPU
		{482BCCD5-B8E6-4C47-AAB7-7CEAB87CC121}.Debug|Any CPU.Build.0 = Debug|Any CPU
		{482BCCD5-B8E6-4C47-AAB7-7CEAB87CC121}.Release|Any CPU.ActiveCfg = Release|Any CPU
		{482BCCD5-B8E6-4C47-AAB7-7CEAB87CC121}.Release|Any CPU.Build.0 = Release|Any CPU
		{B729B3DA-C267-4536-8E25-7DC3C569FFD9}.Debug|Any CPU.ActiveCfg = Debug
		{B729B3DA-C267-4536-8E25-7DC3C569FFD9}.Debug|Any CPU.Build.0 = Debug
		{B729B3DA-C267-4536-8E25-7DC3C569FFD9}.Release|Any CPU.ActiveCfg = Release
		{B729B3DA-C267-4536-8E25-7DC3C569FFD9}.Release|Any CPU.Build.0 = Release
	EndGlobalSection
	GlobalSection(SolutionProperties) = preSolution
		HideSolutionNode = FALSE
	EndGlobalSection
EndGlobal
